// !$*UTF8*$!
{
	archiveVersion = 1;
	classes = {};
	objectVersion = 54;
	objects = {

/* Begin PBXBuildFile section */
		9C0A1B2C3D4E5F60718293B4 /* LuminaMobileApp.swift in Sources */ = {isa = PBXBuildFile; fileRef = 9C0A1B2C3D4E5F60718293AD /* LuminaMobileApp.swift */; };
		9C0A1B2C3D4E5F60718293B5 /* ContentView.swift in Sources */ = {isa = PBXBuildFile; fileRef = 9C0A1B2C3D4E5F60718293AE /* ContentView.swift */; };
		9C0A1B2C3D4E5F60718293BB /* QRScannerView.swift in Sources */ = {isa = PBXBuildFile; fileRef = 9C0A1B2C3D4E5F60718293BC /* QRScannerView.swift */; };
		9C0A1B2C3D4E5F60718293BD /* MobileGatewayStore.swift in Sources */ = {isa = PBXBuildFile; fileRef = 9C0A1B2C3D4E5F60718293BE /* MobileGatewayStore.swift */; };
		9C0A1B2C3D4E5F60718293B6 /* Assets.xcassets in Resources */ = {isa = PBXBuildFile; fileRef = 9C0A1B2C3D4E5F60718293B0 /* Assets.xcassets */; };
/* End PBXBuildFile section */

/* Begin PBXFileReference section */
		9C0A1B2C3D4E5F60718293AD /* LuminaMobileApp.swift */ = {isa = PBXFileReference; lastKnownFileType = sourcecode.swift; path = LuminaMobileApp.swift; sourceTree = "<group>"; };
		9C0A1B2C3D4E5F60718293AE /* ContentView.swift */ = {isa = PBXFileReference; lastKnownFileType = sourcecode.swift; path = ContentView.swift; sourceTree = "<group>"; };
		9C0A1B2C3D4E5F60718293BC /* QRScannerView.swift */ = {isa = PBXFileReference; lastKnownFileType = sourcecode.swift; path = QRScannerView.swift; sourceTree = "<group>"; };
		9C0A1B2C3D4E5F60718293BE /* MobileGatewayStore.swift */ = {isa = PBXFileReference; lastKnownFileType = sourcecode.swift; path = MobileGatewayStore.swift; sourceTree = "<group>"; };
		9C0A1B2C3D4E5F60718293AF /* Info.plist */ = {isa = PBXFileReference; lastKnownFileType = text.plist.xml; path = Info.plist; sourceTree = "<group>"; };
		9C0A1B2C3D4E5F60718293B0 /* Assets.xcassets */ = {isa = PBXFileReference; lastKnownFileType = folder.assetcatalog; path = Assets.xcassets; sourceTree = "<group>"; };
		9C0A1B2C3D4E5F60718293B1 /* LuminaMobile.app */ = {isa = PBXFileReference; explicitFileType = wrapper.application; includeInIndex = 0; path = LuminaMobile.app; sourceTree = BUILT_PRODUCTS_DIR; };
/* End PBXFileReference section */

/* Begin PBXGroup section */
		9C0A1B2C3D4E5F60718293A5 = {
			isa = PBXGroup;
			children = (
				9C0A1B2C3D4E5F60718293B2 /* LuminaMobile */,
				9C0A1B2C3D4E5F60718293A6 /* Products */,
			);
			sourceTree = "<group>";
		};
		9C0A1B2C3D4E5F60718293A6 /* Products */ = {
			isa = PBXGroup;
			children = (
				9C0A1B2C3D4E5F60718293B1 /* LuminaMobile.app */,
			);
			name = Products;
			sourceTree = "<group>";
		};
		9C0A1B2C3D4E5F60718293B2 /* LuminaMobile */ = {
			isa = PBXGroup;
			children = (
				9C0A1B2C3D4E5F60718293AD /* LuminaMobileApp.swift */,
				9C0A1B2C3D4E5F60718293AE /* ContentView.swift */,
				9C0A1B2C3D4E5F60718293BC /* QRScannerView.swift */,
				9C0A1B2C3D4E5F60718293BE /* MobileGatewayStore.swift */,
				9C0A1B2C3D4E5F60718293B3 /* Resources */,
				9C0A1B2C3D4E5F60718293AF /* Info.plist */,
			);
			path = LuminaMobile;
			sourceTree = "<group>";
		};
		9C0A1B2C3D4E5F60718293B3 /* Resources */ = {
			isa = PBXGroup;
			children = (
				9C0A1B2C3D4E5F60718293B0 /* Assets.xcassets */,
			);
			name = Resources;
			sourceTree = "<group>";
		};
/* End PBXGroup section */

/* Begin PBXNativeTarget section */
		9C0A1B2C3D4E5F60718293A7 /* LuminaMobile */ = {
			isa = PBXNativeTarget;
			buildConfigurationList = 9C0A1B2C3D4E5F60718293A9 /* Build configuration list for PBXNativeTarget "LuminaMobile" */;
			buildPhases = (
				9C0A1B2C3D4E5F60718293AA /* Sources */,
				9C0A1B2C3D4E5F60718293AB /* Resources */,
				9C0A1B2C3D4E5F60718293AC /* Frameworks */,
			);
			buildRules = (
			);
			dependencies = (
			);
			name = LuminaMobile;
			productName = LuminaMobile;
			productReference = 9C0A1B2C3D4E5F60718293B1 /* LuminaMobile.app */;
			productType = "com.apple.product-type.application";
		};
/* End PBXNativeTarget section */

/* Begin PBXProject section */
		9C0A1B2C3D4E5F60718293A4 /* Project object */ = {
			isa = PBXProject;
			attributes = {
				BuildIndependentTargetsInParallel = 1;
				LastSwiftUpdateCheck = 1500;
				LastUpgradeCheck = 1500;
				TargetAttributes = {
					9C0A1B2C3D4E5F60718293A7 = {
						CreatedOnToolsVersion = 15.0;
					};
				};
			};
			buildConfigurationList = 9C0A1B2C3D4E5F60718293A8 /* Build configuration list for PBXProject "LuminaMobile" */;
			compatibilityVersion = "Xcode 14.0";
			developmentRegion = en;
			hasScannedForEncodings = 0;
			mainGroup = 9C0A1B2C3D4E5F60718293A5;
			productRefGroup = 9C0A1B2C3D4E5F60718293A6 /* Products */;
			projectDirPath = "";
			projectRoot = "";
			targets = (
				9C0A1B2C3D4E5F60718293A7 /* LuminaMobile */,
			);
		};
/* End PBXProject section */

/* Begin PBXResourcesBuildPhase section */
		9C0A1B2C3D4E5F60718293AB /* Resources */ = {
			isa = PBXResourcesBuildPhase;
			buildActionMask = 2147483647;
			files = (
				9C0A1B2C3D4E5F60718293B6 /* Assets.xcassets in Resources */,
			);
			runOnlyForDeploymentPostprocessing = 0;
		};
/* End PBXResourcesBuildPhase section */

/* Begin PBXSourcesBuildPhase section */
		9C0A1B2C3D4E5F60718293AA /* Sources */ = {
			isa = PBXSourcesBuildPhase;
			buildActionMask = 2147483647;
			files = (
				9C0A1B2C3D4E5F60718293B4 /* LuminaMobileApp.swift in Sources */,
				9C0A1B2C3D4E5F60718293B5 /* ContentView.swift in Sources */,
				9C0A1B2C3D4E5F60718293BB /* QRScannerView.swift in Sources */,
				9C0A1B2C3D4E5F60718293BD /* MobileGatewayStore.swift in Sources */,
			);
			runOnlyForDeploymentPostprocessing = 0;
		};
/* End PBXSourcesBuildPhase section */

/* Begin PBXFrameworksBuildPhase section */
		9C0A1B2C3D4E5F60718293AC /* Frameworks */ = {
			isa = PBXFrameworksBuildPhase;
			buildActionMask = 2147483647;
			files = (
			);
			runOnlyForDeploymentPostprocessing = 0;
		};
/* End PBXFrameworksBuildPhase section */

/* Begin XCBuildConfiguration section */
		9C0A1B2C3D4E5F60718293B7 /* Debug */ = {
			isa = XCBuildConfiguration;
			buildSettings = {
				ALWAYS_SEARCH_USER_PATHS = NO;
				CLANG_ANALYZER_NONNULL = YES;
				CLANG_ANALYZER_NUMBER_OBJECT_CONVERSION = YES_AGGRESSIVE;
				CLANG_CXX_LANGUAGE_STANDARD = "gnu++20";
				CLANG_ENABLE_MODULES = YES;
				CLANG_ENABLE_OBJC_ARC = YES;
				CLANG_ENABLE_OBJC_WEAK = YES;
				CLANG_WARN_BLOCK_CAPTURE_AUTORELEASING = YES;
				CLANG_WARN_BOOL_CONVERSION = YES;
				CLANG_WARN_COMMA = YES;
				CLANG_WARN_CONSTANT_CONVERSION = YES;
				CLANG_WARN_DEPRECATED_OBJC_IMPLEMENTATIONS = YES;
				CLANG_WARN_DIRECT_OBJC_ISA_USAGE = YES_ERROR;
				CLANG_WARN_DOCUMENTATION_COMMENTS = YES;
				CLANG_WARN_EMPTY_BODY = YES;
				CLANG_WARN_ENUM_CONVERSION = YES;
				CLANG_WARN_INFINITE_RECURSION = YES;
				CLANG_WARN_INT_CONVERSION = YES;
				CLANG_WARN_NON_LITERAL_NULL_CONVERSION = YES;
				CLANG_WARN_OBJC_IMPLICIT_RETAIN_SELF = YES;
				CLANG_WARN_OBJC_LITERAL_CONVERSION = YES;
				CLANG_WARN_OBJC_ROOT_CLASS = YES_ERROR;
				CLANG_WARN_QUOTED_INCLUDE_IN_FRAMEWORK_HEADER = YES;
				CLANG_WARN_RANGE_LOOP_ANALYSIS = YES;
				CLANG_WARN_STRICT_PROTOTYPES = YES;
				CLANG_WARN_SUSPICIOUS_MOVE = YES;
				CLANG_WARN_UNGUARDED_AVAILABILITY = YES_AGGRESSIVE;
				CLANG_WARN_UNREACHABLE_CODE = YES;
				COPY_PHASE_STRIP = NO;
				DEBUG_INFORMATION_FORMAT = dwarf;
				ENABLE_STRICT_OBJC_MSGSEND = YES;
				ENABLE_TESTABILITY = YES;
				GCC_C_LANGUAGE_STANDARD = gnu11;
				GCC_DYNAMIC_NO_PIC = NO;
				GCC_NO_COMMON_BLOCKS = YES;
				GCC_OPTIMIZATION_LEVEL = 0;
				GCC_PREPROCESSOR_DEFINITIONS = (
					"DEBUG=1",
					"$(inherited)",
				);
				GCC_WARN_64_TO_32_BIT_CONVERSION = YES;
				GCC_WARN_ABOUT_RETURN_TYPE = YES_ERROR;
				GCC_WARN_UNDECLARED_SELECTOR = YES;
				GCC_WARN_UNINITIALIZED_AUTOS = YES_AGGRESSIVE;
				GCC_WARN_UNUSED_FUNCTION = YES;
				GCC_WARN_UNUSED_VARIABLE = YES;
				IPHONEOS_DEPLOYMENT_TARGET = 16.0;
				MTL_ENABLE_DEBUG_INFO = INCLUDE_SOURCE;
				MTL_FAST_MATH = YES;
				ONLY_ACTIVE_ARCH = YES;
				SDKROOT = iphoneos;
				SUPPORTED_PLATFORMS = "iphoneos iphonesimulator";
				SWIFT_ACTIVE_COMPILATION_CONDITIONS = DEBUG;
				SWIFT_OPTIMIZATION_LEVEL = "-Onone";
			};
			name = Debug;
		};
		9C0A1B2C3D4E5F60718293B8 /* Release */ = {
			isa = XCBuildConfiguration;
			buildSettings = {
				ALWAYS_SEARCH_USER_PATHS = NO;
				CLANG_ANALYZER_NONNULL = YES;
				CLANG_ANALYZER_NUMBER_OBJECT_CONVERSION = YES_AGGRESSIVE;
				CLANG_CXX_LANGUAGE_STANDARD = "gnu++20";
				CLANG_ENABLE_MODULES = YES;
				CLANG_ENABLE_OBJC_ARC = YES;
				CLANG_ENABLE_OBJC_WEAK = YES;
				CLANG_WARN_BLOCK_CAPTURE_AUTORELEASING = YES;
				CLANG_WARN_BOOL_CONVERSION = YES;
				CLANG_WARN_COMMA = YES;
				CLANG_WARN_CONSTANT_CONVERSION = YES;
				CLANG_WARN_DEPRECATED_OBJC_IMPLEMENTATIONS = YES;
				CLANG_WARN_DIRECT_OBJC_ISA_USAGE = YES_ERROR;
				CLANG_WARN_DOCUMENTATION_COMMENTS = YES;
				CLANG_WARN_EMPTY_BODY = YES;
				CLANG_WARN_ENUM_CONVERSION = YES;
				CLANG_WARN_INFINITE_RECURSION = YES;
				CLANG_WARN_INT_CONVERSION = YES;
				CLANG_WARN_NON_LITERAL_NULL_CONVERSION = YES;
				CLANG_WARN_OBJC_IMPLICIT_RETAIN_SELF = YES;
				CLANG_WARN_OBJC_LITERAL_CONVERSION = YES;
				CLANG_WARN_OBJC_ROOT_CLASS = YES_ERROR;
				CLANG_WARN_QUOTED_INCLUDE_IN_FRAMEWORK_HEADER = YES;
				CLANG_WARN_RANGE_LOOP_ANALYSIS = YES;
				CLANG_WARN_STRICT_PROTOTYPES = YES;
				CLANG_WARN_SUSPICIOUS_MOVE = YES;
				CLANG_WARN_UNGUARDED_AVAILABILITY = YES_AGGRESSIVE;
				CLANG_WARN_UNREACHABLE_CODE = YES;
				COPY_PHASE_STRIP = YES;
				DEBUG_INFORMATION_FORMAT = "dwarf-with-dsym";
				ENABLE_NS_ASSERTIONS = NO;
				ENABLE_STRICT_OBJC_MSGSEND = YES;
				GCC_C_LANGUAGE_STANDARD = gnu11;
				GCC_NO_COMMON_BLOCKS = YES;
				GCC_WARN_64_TO_32_BIT_CONVERSION = YES;
				GCC_WARN_ABOUT_RETURN_TYPE = YES_ERROR;
				GCC_WARN_UNDECLARED_SELECTOR = YES;
				GCC_WARN_UNINITIALIZED_AUTOS = YES_AGGRESSIVE;
				GCC_WARN_UNUSED_FUNCTION = YES;
				GCC_WARN_UNUSED_VARIABLE = YES;
				IPHONEOS_DEPLOYMENT_TARGET = 16.0;
				MTL_FAST_MATH = YES;
				SDKROOT = iphoneos;
				SUPPORTED_PLATFORMS = "iphoneos iphonesimulator";
				SWIFT_COMPILATION_MODE = wholemodule;
				SWIFT_OPTIMIZATION_LEVEL = "-O";
				VALIDATE_PRODUCT = YES;
			};
			name = Release;
		};
		9C0A1B2C3D4E5F60718293B9 /* Debug */ = {
			isa = XCBuildConfiguration;
			buildSettings = {
				ASSETCATALOG_COMPILER_APPICON_NAME = AppIcon;
				CODE_SIGN_STYLE = Automatic;
				DEVELOPMENT_TEAM = "";
				INFOPLIST_FILE = LuminaMobile/Info.plist;
				IPHONEOS_DEPLOYMENT_TARGET = 16.0;
				LD_RUNPATH_SEARCH_PATHS = (
					"$(inherited)",
					"@executable_path/Frameworks",
				);
				PRODUCT_BUNDLE_IDENTIFIER = com.luminanote.mobile;
				PRODUCT_NAME = LuminaMobile;
				SDKROOT = iphoneos;
				SUPPORTED_PLATFORMS = "iphoneos iphonesimulator";
				SWIFT_VERSION = 5.0;
				TARGETED_DEVICE_FAMILY = 1;
			};
			name = Debug;
		};
		9C0A1B2C3D4E5F60718293BA /* Release */ = {
			isa = XCBuildConfiguration;
			buildSettings = {
				ASSETCATALOG_COMPILER_APPICON_NAME = AppIcon;
				CODE_SIGN_STYLE = Automatic;
				DEVELOPMENT_TEAM = "";
				INFOPLIST_FILE = LuminaMobile/Info.plist;
				IPHONEOS_DEPLOYMENT_TARGET = 16.0;
				LD_RUNPATH_SEARCH_PATHS = (
					"$(inherited)",
					"@executable_path/Frameworks",
				);
				PRODUCT_BUNDLE_IDENTIFIER = com.luminanote.mobile;
				PRODUCT_NAME = LuminaMobile;
				SDKROOT = iphoneos;
				SUPPORTED_PLATFORMS = "iphoneos iphonesimulator";
				SWIFT_VERSION = 5.0;
				TARGETED_DEVICE_FAMILY = 1;
			};
			name = Release;
		};
/* End XCBuildConfiguration section */

/* Begin XCConfigurationList section */
		9C0A1B2C3D4E5F60718293A8 /* Build configuration list for PBXProject "LuminaMobile" */ = {
			isa = XCConfigurationList;
			buildConfigurations = (
				9C0A1B2C3D4E5F60718293B7 /* Debug */,
				9C0A1B2C3D4E5F60718293B8 /* Release */,
			);
			defaultConfigurationIsVisible = 0;
			defaultConfigurationName = Release;
		};
		9C0A1B2C3D4E5F60718293A9 /* Build configuration list for PBXNativeTarget "LuminaMobile" */ = {
			isa = XCConfigurationList;
			buildConfigurations = (
				9C0A1B2C3D4E5F60718293B9 /* Debug */,
				9C0A1B2C3D4E5F60718293BA /* Release */,
			);
			defaultConfigurationIsVisible = 0;
			defaultConfigurationName = Release;
		};
/* End XCConfigurationList section */
	};
	rootObject = 9C0A1B2C3D4E5F60718293A4 /* Project object */;
}
